
Microsoft Visual Studio Solution File, Format Version 12.00
# Visual Studio Version 17
VisualStudioVersion = 17.7.34031.279
MinimumVisualStudioVersion = 10.0.40219.1
Project("{FAE04EC0-301F-11D3-BF4B-00C04F79EFBC}") = "Lab5", "Lab5\Lab5.csproj", "{3E99C0B1-21B6-43A6-A73C-DDFE3C77C2A7}"
EndProject
Global
	GlobalSection(SolutionConfigurationPlatforms) = preSolution
		Debug|Any CPU = Debug|Any CPU
		Release|Any CPU = Release|Any CPU
	EndGlobalSection
	GlobalSection(ProjectConfigurationPlatforms) = postSolution
		{3E99C0B1-21B6-43A6-A73C-DDFE3C77C2A7}.Debug|Any CPU.ActiveCfg = Debug|Any CPU
		{3E99C0B1-21B6-43A6-A73C-DDFE3C77C2A7}.Debug|Any CPU.Build.0 = Debug|Any CPU
		{3E99C0B1-21B6-43A6-A73C-DDFE3C77C2A7}.Release|Any CPU.ActiveCfg = Release|Any CPU
		{3E99C0B1-21B6-43A6-A73C-DDFE3C77C2A7}.Release|Any CPU.Build.0 = Release|Any CPU
	EndGlobalSection
	GlobalSection(SolutionProperties) = preSolution
		HideSolutionNode = FALSE
	EndGlobalSection
	GlobalSection(ExtensibilityGlobals) = postSolution
		SolutionGuid = {78658A9A-0F56-4A99-AAE3-8A10E081D95A}
	EndGlobalSection
EndGlobal
